
Microsoft Visual Studio Solution File, Format Version 12.00
# Visual Studio Version 17
VisualStudioVersion = 17.6.33723.286
MinimumVisualStudioVersion = 10.0.40219.1
Project("{888888A0-9F3D-457C-B088-3A5042F75D52}") = "scraper test", "scraper test\scraper test.pyproj", "{5A5320C0-8FAC-4D89-8FC4-A191FC01C652}"
EndProject
Global
	GlobalSection(SolutionConfigurationPlatforms) = preSolution
		Debug|Any CPU = Debug|Any CPU
		Release|Any CPU = Release|Any CPU
	EndGlobalSection
	GlobalSection(ProjectConfigurationPlatforms) = postSolution
		{5A5320C0-8FAC-4D89-8FC4-A191FC01C652}.Debug|Any CPU.ActiveCfg = Debug|Any CPU
		{5A5320C0-8FAC-4D89-8FC4-A191FC01C652}.Release|Any CPU.ActiveCfg = Release|Any CPU
	EndGlobalSection
	GlobalSection(SolutionProperties) = preSolution
		HideSolutionNode = FALSE
	EndGlobalSection
	GlobalSection(ExtensibilityGlobals) = postSolution
		SolutionGuid = {AF99BFD7-8E91-4AE2-A8F7-8EDFB51F04EE}
	EndGlobalSection
EndGlobal
